
Microsoft Visual Studio Solution File, Format Version 12.00
# Visual Studio Version 16
VisualStudioVersion = 16.0.31112.23
MinimumVisualStudioVersion = 10.0.40219.1
Project("{9A19103F-16F7-4668-BE54-9A1E7A4F7556}") = "Human_Resource_Management_Web", "Human_Resource_Management_Web.csproj", "{C630BE05-3C75-4ED0-95AC-0BCC922E1953}"
EndProject
Project("{9A19103F-16F7-4668-BE54-9A1E7A4F7556}") = "Human_Resource_Management_Model", "..\Human_Resource_Management_Model\Human_Resource_Management_Model.csproj", "{2BDBCE75-A067-4C02-8D4B-A20C16077597}"
EndProject
Project("{FAE04EC0-301F-11D3-BF4B-00C04F79EFBC}") = "Human_Resource_Management_Data", "..\Human_Resource_Management_Data\Human_Resource_Management_Data.csproj", "{A096F38B-8A31-4FA5-9A24-81EB8A6915EA}"
EndProject
Global
	GlobalSection(SolutionConfigurationPlatforms) = preSolution
		Debug|Any CPU = Debug|Any CPU
		Release|Any CPU = Release|Any CPU
	EndGlobalSection
	GlobalSection(ProjectConfigurationPlatforms) = postSolution
		{C630BE05-3C75-4ED0-95AC-0BCC922E1953}.Debug|Any CPU.ActiveCfg = Debug|Any CPU
		{C630BE05-3C75-4ED0-95AC-0BCC922E1953}.Debug|Any CPU.Build.0 = Debug|Any CPU
		{C630BE05-3C75-4ED0-95AC-0BCC922E1953}.Release|Any CPU.ActiveCfg = Release|Any CPU
		{C630BE05-3C75-4ED0-95AC-0BCC922E1953}.Release|Any CPU.Build.0 = Release|Any CPU
		{2BDBCE75-A067-4C02-8D4B-A20C16077597}.Debug|Any CPU.ActiveCfg = Debug|Any CPU
		{2BDBCE75-A067-4C02-8D4B-A20C16077597}.Debug|Any CPU.Build.0 = Debug|Any CPU
		{2BDBCE75-A067-4C02-8D4B-A20C16077597}.Release|Any CPU.ActiveCfg = Release|Any CPU
		{2BDBCE75-A067-4C02-8D4B-A20C16077597}.Release|Any CPU.Build.0 = Release|Any CPU
		{A096F38B-8A31-4FA5-9A24-81EB8A6915EA}.Debug|Any CPU.ActiveCfg = Debug|Any CPU
		{A096F38B-8A31-4FA5-9A24-81EB8A6915EA}.Debug|Any CPU.Build.0 = Debug|Any CPU
		{A096F38B-8A31-4FA5-9A24-81EB8A6915EA}.Release|Any CPU.ActiveCfg = Release|Any CPU
		{A096F38B-8A31-4FA5-9A24-81EB8A6915EA}.Release|Any CPU.Build.0 = Release|Any CPU
	EndGlobalSection
	GlobalSection(SolutionProperties) = preSolution
		HideSolutionNode = FALSE
	EndGlobalSection
	GlobalSection(ExtensibilityGlobals) = postSolution
		SolutionGuid = {1D811991-382A-4CDA-B504-94D47E5AEA45}
	EndGlobalSection
EndGlobal
